<?xml version="1.0" encoding="utf-8"?>
<Project ToolsVersion="4.0" xmlns="http://schemas.microsoft.com/developer/msbuild/2003">
  <ItemGroup>
    <ClCompile Include="lib\animaciones.cpp">
      <Filter>lib</Filter>
    </ClCompile>
    <ClCompile Include="lib\debug.cpp">
      <Filter>lib</Filter>
    </ClCompile>
    <ClCompile Include="lib\event.cpp">
      <Filter>lib</Filter>
    </ClCompile>
    <ClCompile Include="lib\Grafic.cpp">
      <Filter>lib</Filter>
    </ClCompile>
    <ClCompile Include="lib\image_png.cpp">
      <Filter>lib</Filter>
    </ClCompile>
    <ClCompile Include="lib\keyboard.cpp">
      <Filter>lib</Filter>
    </ClCompile>
    <ClCompile Include="lib\mouse.cpp">
      <Filter>lib</Filter>
    </ClCompile>
    <ClCompile Include="lib\sound.c">
      <Filter>lib</Filter>
    </ClCompile>
    <ClCompile Include="lib\sprites.cpp">
      <Filter>lib</Filter>
    </ClCompile>
    <ClCompile Include="lib\stb_vorbis.c">
      <Filter>lib</Filter>
    </ClCompile>
    <ClCompile Include="lib\video.cpp">
      <Filter>lib</Filter>
    </ClCompile>
    <ClCompile Include="Codigo\Menu.cpp" />
    <ClCompile Include="Codigo\Principal.cpp" />
    <ClCompile Include="Codigo\GestioResultats.cpp" />
    <ClCompile Include="Codigo\Joc.cpp" />
    <ClCompile Include="Codigo\Area.cpp" />
    <ClCompile Include="Codigo\Cova.cpp" />
    <ClCompile Include="Codigo\Granota.cpp" />
    <ClCompile Include="Codigo\Pantalla.cpp" />
    <ClCompile Include="Codigo\Cotxe.cpp" />
    <ClCompile Include="Codigo\Bonus.cpp" />
    <ClCompile Include="Codigo\Ranking.cpp" />
    <ClCompile Include="Codigo\Node.cpp" />
    <ClCompile Include="Codigo\Cua.cpp" />
    <ClCompile Include="Codigo\Iterador.cpp" />
    <ClCompile Include="Codigo\CuaCotxes.cpp" />
  </ItemGroup>
  <ItemGroup>
    <ClInclude Include="lib\animaciones.h">
      <Filter>lib</Filter>
    </ClInclude>
    <ClInclude Include="lib\debug.h">
      <Filter>lib</Filter>
    </ClInclude>
    <ClInclude Include="lib\event.h">
      <Filter>lib</Filter>
    </ClInclude>
    <ClInclude Include="lib\Grafic.h">
      <Filter>lib</Filter>
    </ClInclude>
    <ClInclude Include="lib\image_png.h">
      <Filter>lib</Filter>
    </ClInclude>
    <ClInclude Include="lib\keyboard.h">
      <Filter>lib</Filter>
    </ClInclude>
    <ClInclude Include="lib\keyboard_sdl.h">
      <Filter>lib</Filter>
    </ClInclude>
    <ClInclude Include="lib\libreria.h">
      <Filter>lib</Filter>
    </ClInclude>
    <ClInclude Include="lib\mouse.h">
      <Filter>lib</Filter>
    </ClInclude>
    <ClInclude Include="lib\sound.h">
      <Filter>lib</Filter>
    </ClInclude>
    <ClInclude Include="lib\sprites.h">
      <Filter>lib</Filter>
    </ClInclude>
    <ClInclude Include="lib\stb_vorbis.h">
      <Filter>lib</Filter>
    </ClInclude>
    <ClInclude Include="lib\video.h">
      <Filter>lib</Filter>
    </ClInclude>
    <ClInclude Include="Codigo\Joc.h" />
    <ClInclude Include="Codigo\Menu.h" />
    <ClInclude Include="Codigo\GestioResultats.h" />
    <ClInclude Include="Codigo\Granota.h" />
    <ClInclude Include="Codigo\Pantalla.h" />
    <ClInclude Include="Codigo\Area.h" />
    <ClInclude Include="Codigo\Cova.h" />
    <ClInclude Include="Codigo\Cotxe.h" />
    <ClInclude Include="Codigo\Bonus.h" />
    <ClInclude Include="Codigo\Ranking.h" />
    <ClInclude Include="Codigo\Node.h" />
    <ClInclude Include="Codigo\Cua.h" />
    <ClInclude Include="Codigo\Iterador.h" />
    <ClInclude Include="Codigo\CuaCotxes.h" />
  </ItemGroup>
  <ItemGroup>
    <Filter Include="lib">
      <UniqueIdentifier>{de5d37b7-4909-4f4b-beaf-277da583a0e6}</UniqueIdentifier>
    </Filter>
  </ItemGroup>
</Project>